
Microsoft Visual Studio Solution File, Format Version 12.00
# Visual Studio 14
VisualStudioVersion = 14.0.25123.0
MinimumVisualStudioVersion = 10.0.40219.1
Project("{FAE04EC0-301F-11D3-BF4B-00C04F79EFBC}") = "FighterDynamicProgramming", "FighterDynamicProgramming\FighterDynamicProgramming.csproj", "{D647D8A3-4515-4C30-B315-257F41699A20}"
EndProject
Global
	GlobalSection(SolutionConfigurationPlatforms) = preSolution
		Debug|Any CPU = Debug|Any CPU
		Release|Any CPU = Release|Any CPU
	EndGlobalSection
	GlobalSection(ProjectConfigurationPlatforms) = postSolution
		{D647D8A3-4515-4C30-B315-257F41699A20}.Debug|Any CPU.ActiveCfg = Debug|Any CPU
		{D647D8A3-4515-4C30-B315-257F41699A20}.Debug|Any CPU.Build.0 = Debug|Any CPU
		{D647D8A3-4515-4C30-B315-257F41699A20}.Release|Any CPU.ActiveCfg = Release|Any CPU
		{D647D8A3-4515-4C30-B315-257F41699A20}.Release|Any CPU.Build.0 = Release|Any CPU
	EndGlobalSection
	GlobalSection(SolutionProperties) = preSolution
		HideSolutionNode = FALSE
	EndGlobalSection
EndGlobal
